
Microsoft Visual Studio Solution File, Format Version 12.00
# Visual Studio Version 17
VisualStudioVersion = 17.2.32616.157
MinimumVisualStudioVersion = 10.0.40219.1
Project("{FAE04EC0-301F-11D3-BF4B-00C04F79EFBC}") = "AMImporter", "AMImporter\AMImporter.csproj", "{D9128F52-2F84-4026-9C23-15FAFD52FE58}"
EndProject
Global
	GlobalSection(SolutionConfigurationPlatforms) = preSolution
		Debug|Any CPU = Debug|Any CPU
		Release|Any CPU = Release|Any CPU
	EndGlobalSection
	GlobalSection(ProjectConfigurationPlatforms) = postSolution
		{D9128F52-2F84-4026-9C23-15FAFD52FE58}.Debug|Any CPU.ActiveCfg = Debug|Any CPU
		{D9128F52-2F84-4026-9C23-15FAFD52FE58}.Debug|Any CPU.Build.0 = Debug|Any CPU
		{D9128F52-2F84-4026-9C23-15FAFD52FE58}.Release|Any CPU.ActiveCfg = Release|Any CPU
		{D9128F52-2F84-4026-9C23-15FAFD52FE58}.Release|Any CPU.Build.0 = Release|Any CPU
	EndGlobalSection
	GlobalSection(SolutionProperties) = preSolution
		HideSolutionNode = FALSE
	EndGlobalSection
	GlobalSection(ExtensibilityGlobals) = postSolution
		SolutionGuid = {BC5F59C4-AD15-4B90-98A6-4D9B729E7B22}
	EndGlobalSection
EndGlobal
